version = 1
revision = 3
requires-python = ">=3.11"

[[package]]
name = "click"
version = "8.3.3"
source = { registry = "https://pypi.org/simple" }
dependencies = [
    { name = "colorama", marker = "sys_platform == 'win32'" },
]
sdist = { url = "https://files.pythonhosted.org/packages/bb/63/f9e1ea081ce35720d8b92acde70daaedace594dc93b693c869e0d5910718/click-8.3.3.tar.gz", hash = "sha256:398329ad4837b2ff7cbe1dd166a4c0f8900c3ca3a218de04466f38f6497f18a2", size = 328061, upload-time = "2026-04-22T15:11:27.506Z" }
wheels = [
    { url = "https://files.pythonhosted.org/packages/ae/44/c1221527f6a71a01ec6fbad7fa78f1d50dfa02217385cf0fa3eec7087d59/click-8.3.3-py3-none-any.whl", hash = "sha256:a2bf429bb3033c89fa4936ffb35d5cb471e3719e1f3c8a7c3fff0b8314305613", size = 110502, upload-time = "2026-04-22T15:11:25.044Z" },
]

[[package]]
name = "colorama"
version = "0.4.6"
source = { registry = "https://pypi.org/simple" }
sdist = { url = "https://files.pythonhosted.org/packages/d8/53/6f443c9a4a8358a93a6792e2acffb9d9d5cb0a5cfd8802644b7b1c9a02e4/colorama-0.4.6.tar.gz", hash = "sha256:08695f5cb7ed6e0531a20572697297273c47b8cae5a63ffc6d6ed5c201be6e44", size = 27697, upload-time = "2022-10-25T02:36:22.414Z" }
wheels = [
    { url = "https://files.pythonhosted.org/packages/d1/d6/3965ed04c63042e047cb6a3e6ed1a63a35087b6a609aa3a15ed8ac56c221/colorama-0.4.6-py2.py3-none-any.whl", hash = "sha256:4f1d9991f5acc0ca119f9d443620b77f9d6b33703e51011c16baf57afb285fc6", size = 25335, upload-time = "2022-10-25T02:36:20.889Z" },
]

[[package]]
name = "inifix"
version = "7.0.0"
source = { registry = "https://pypi.org/simple" }
sdist = { url = "https://files.pythonhosted.org/packages/11/ac/fbb1a2984a15ad786c4174ec707752b5b09946a53fe9faccc5d86ba40363/inifix-7.0.0.tar.gz", hash = "sha256:f49dfe1beef23ba9bd5f46be698f7b1f8593eb83f21da029bb5f6cbf9f81cfcd", size = 40435, upload-time = "2026-05-18T13:40:10.803Z" }
wheels = [
    { url = "https://files.pythonhosted.org/packages/7b/27/23893f62f2a40ba03df1ca158672edb9c80cf30d87212109a1b62d63dc43/inifix-7.0.0-py3-none-any.whl", hash = "sha256:afcab355ebf5bafedd2274717dad0b90b15a3ebc1243293fd39a0f08bfd1f64a", size = 28709, upload-time = "2026-05-18T13:40:09.601Z" },
]

[[package]]
name = "inifix-cli"
version = "1.1.0"
source = { registry = "https://pypi.org/simple" }
dependencies = [
    { name = "click" },
    { name = "inifix" },
]
sdist = { url = "https://files.pythonhosted.org/packages/2f/9a/7e497f2d1d7bd3e9aaaee5ddca9054cf0d996c2b86d016c2ce656d58815e/inifix_cli-1.1.0.tar.gz", hash = "sha256:832145e024a22299ba2ce784e4c1dbdaf56457b32ad27c9da05439ae7ea0ab45", size = 20053, upload-time = "2026-05-23T17:35:55.95Z" }
wheels = [
    { url = "https://files.pythonhosted.org/packages/52/b1/aff722f2146fb083f5190d20822363a6490c350ddcbd5a4157d0fd6dad87/inifix_cli-1.1.0-py3-none-any.whl", hash = "sha256:f1ff5096abdb479d852ade059166b7ac3a9b4134cb9792fe4785ad0fef74d8e9", size = 17632, upload-time = "2026-05-23T17:35:54.563Z" },
]

[[package]]
name = "inifix-pre-commit"
version = "1.0.0"
source = { editable = "." }
dependencies = [
    { name = "click" },
    { name = "colorama", marker = "sys_platform == 'win32'" },
    { name = "inifix" },
    { name = "inifix-cli" },
]

[package.metadata]
requires-dist = [
    { name = "click", specifier = "==8.3.3" },
    { name = "colorama", marker = "sys_platform == 'win32'", specifier = "==0.4.6" },
    { name = "inifix", specifier = "==7.0.0" },
    { name = "inifix-cli", specifier = "==1.1.0" },
]
